
Microsoft Visual Studio Solution File, Format Version 12.00
# Visual Studio Version 16
VisualStudioVersion = 16.0.29418.71
MinimumVisualStudioVersion = 10.0.40219.1
Project("{9A19103F-16F7-4668-BE54-9A1E7A4F7556}") = "InsyranceCompany", "InsyranceCompany\InsyranceCompany.csproj", "{F70022FB-347F-4A6E-A3B9-C03FAB2C721F}"
EndProject
Project("{9A19103F-16F7-4668-BE54-9A1E7A4F7556}") = "InsyranceDomain", "InsyranceDomain\InsyranceDomain.csproj", "{581C7C1F-4308-4F23-9269-A2EAC2FDB311}"
EndProject
Project("{FAE04EC0-301F-11D3-BF4B-00C04F79EFBC}") = "InsuranceCompanyTest", "InsuranceCompanyTest\InsuranceCompanyTest.csproj", "{3B33F0D8-3B48-4B9F-ACEC-1896BC368526}"
EndProject
Global
	GlobalSection(SolutionConfigurationPlatforms) = preSolution
		Debug|Any CPU = Debug|Any CPU
		Release|Any CPU = Release|Any CPU
	EndGlobalSection
	GlobalSection(ProjectConfigurationPlatforms) = postSolution
		{F70022FB-347F-4A6E-A3B9-C03FAB2C721F}.Debug|Any CPU.ActiveCfg = Debug|Any CPU
		{F70022FB-347F-4A6E-A3B9-C03FAB2C721F}.Debug|Any CPU.Build.0 = Debug|Any CPU
		{F70022FB-347F-4A6E-A3B9-C03FAB2C721F}.Release|Any CPU.ActiveCfg = Release|Any CPU
		{F70022FB-347F-4A6E-A3B9-C03FAB2C721F}.Release|Any CPU.Build.0 = Release|Any CPU
		{581C7C1F-4308-4F23-9269-A2EAC2FDB311}.Debug|Any CPU.ActiveCfg = Debug|Any CPU
		{581C7C1F-4308-4F23-9269-A2EAC2FDB311}.Debug|Any CPU.Build.0 = Debug|Any CPU
		{581C7C1F-4308-4F23-9269-A2EAC2FDB311}.Release|Any CPU.ActiveCfg = Release|Any CPU
		{581C7C1F-4308-4F23-9269-A2EAC2FDB311}.Release|Any CPU.Build.0 = Release|Any CPU
		{3B33F0D8-3B48-4B9F-ACEC-1896BC368526}.Debug|Any CPU.ActiveCfg = Debug|Any CPU
		{3B33F0D8-3B48-4B9F-ACEC-1896BC368526}.Debug|Any CPU.Build.0 = Debug|Any CPU
		{3B33F0D8-3B48-4B9F-ACEC-1896BC368526}.Release|Any CPU.ActiveCfg = Release|Any CPU
		{3B33F0D8-3B48-4B9F-ACEC-1896BC368526}.Release|Any CPU.Build.0 = Release|Any CPU
	EndGlobalSection
	GlobalSection(SolutionProperties) = preSolution
		HideSolutionNode = FALSE
	EndGlobalSection
	GlobalSection(ExtensibilityGlobals) = postSolution
		SolutionGuid = {5A5244A0-6F6A-45E4-A9F3-1A7E0807DB9D}
	EndGlobalSection
EndGlobal
